
Microsoft Visual Studio Solution File, Format Version 12.00
# Visual Studio Version 16
VisualStudioVersion = 16.0.31911.196
MinimumVisualStudioVersion = 10.0.40219.1
Project("{FAE04EC0-301F-11D3-BF4B-00C04F79EFBC}") = "Console App Submission", "Console App Submission\Console App Submission.csproj", "{36C96347-47EC-49EF-89EA-F033AE8A22C3}"
EndProject
Global
	GlobalSection(SolutionConfigurationPlatforms) = preSolution
		Debug|Any CPU = Debug|Any CPU
		Release|Any CPU = Release|Any CPU
	EndGlobalSection
	GlobalSection(ProjectConfigurationPlatforms) = postSolution
		{36C96347-47EC-49EF-89EA-F033AE8A22C3}.Debug|Any CPU.ActiveCfg = Debug|Any CPU
		{36C96347-47EC-49EF-89EA-F033AE8A22C3}.Debug|Any CPU.Build.0 = Debug|Any CPU
		{36C96347-47EC-49EF-89EA-F033AE8A22C3}.Release|Any CPU.ActiveCfg = Release|Any CPU
		{36C96347-47EC-49EF-89EA-F033AE8A22C3}.Release|Any CPU.Build.0 = Release|Any CPU
	EndGlobalSection
	GlobalSection(SolutionProperties) = preSolution
		HideSolutionNode = FALSE
	EndGlobalSection
	GlobalSection(ExtensibilityGlobals) = postSolution
		SolutionGuid = {37C12DC3-D543-470A-90A7-4978D5537151}
	EndGlobalSection
EndGlobal
