
Microsoft Visual Studio Solution File, Format Version 12.00
# Visual Studio Version 16
VisualStudioVersion = 16.0.31911.196
MinimumVisualStudioVersion = 10.0.40219.1
Project("{FAE04EC0-301F-11D3-BF4B-00C04F79EFBC}") = "Math Challenge", "Math Challenge\Math Challenge.csproj", "{8032788B-05C3-4354-A37C-A3FB7D205C13}"
EndProject
Global
	GlobalSection(SolutionConfigurationPlatforms) = preSolution
		Debug|Any CPU = Debug|Any CPU
		Release|Any CPU = Release|Any CPU
	EndGlobalSection
	GlobalSection(ProjectConfigurationPlatforms) = postSolution
		{8032788B-05C3-4354-A37C-A3FB7D205C13}.Debug|Any CPU.ActiveCfg = Debug|Any CPU
		{8032788B-05C3-4354-A37C-A3FB7D205C13}.Debug|Any CPU.Build.0 = Debug|Any CPU
		{8032788B-05C3-4354-A37C-A3FB7D205C13}.Release|Any CPU.ActiveCfg = Release|Any CPU
		{8032788B-05C3-4354-A37C-A3FB7D205C13}.Release|Any CPU.Build.0 = Release|Any CPU
	EndGlobalSection
	GlobalSection(SolutionProperties) = preSolution
		HideSolutionNode = FALSE
	EndGlobalSection
	GlobalSection(ExtensibilityGlobals) = postSolution
		SolutionGuid = {8F629959-5977-436E-995D-0DF60BF7594A}
	EndGlobalSection
EndGlobal
