
Microsoft Visual Studio Solution File, Format Version 12.00
# Visual Studio Version 16
VisualStudioVersion = 16.0.31911.196
MinimumVisualStudioVersion = 10.0.40219.1
Project("{FAE04EC0-301F-11D3-BF4B-00C04F79EFBC}") = "ConsoleAppAssignment", "ConsoleAppAssignment\ConsoleAppAssignment.csproj", "{84099DFD-B290-4E5F-B1B4-66B1AA75C410}"
EndProject
Global
	GlobalSection(SolutionConfigurationPlatforms) = preSolution
		Debug|Any CPU = Debug|Any CPU
		Release|Any CPU = Release|Any CPU
	EndGlobalSection
	GlobalSection(ProjectConfigurationPlatforms) = postSolution
		{84099DFD-B290-4E5F-B1B4-66B1AA75C410}.Debug|Any CPU.ActiveCfg = Debug|Any CPU
		{84099DFD-B290-4E5F-B1B4-66B1AA75C410}.Debug|Any CPU.Build.0 = Debug|Any CPU
		{84099DFD-B290-4E5F-B1B4-66B1AA75C410}.Release|Any CPU.ActiveCfg = Release|Any CPU
		{84099DFD-B290-4E5F-B1B4-66B1AA75C410}.Release|Any CPU.Build.0 = Release|Any CPU
	EndGlobalSection
	GlobalSection(SolutionProperties) = preSolution
		HideSolutionNode = FALSE
	EndGlobalSection
	GlobalSection(ExtensibilityGlobals) = postSolution
		SolutionGuid = {2C2D92B8-62FA-4F89-BFB6-886C37DDDBCB}
	EndGlobalSection
EndGlobal
