
Microsoft Visual Studio Solution File, Format Version 12.00
# Visual Studio Version 16
VisualStudioVersion = 16.0.31911.196
MinimumVisualStudioVersion = 10.0.40219.1
Project("{FAE04EC0-301F-11D3-BF4B-00C04F79EFBC}") = "CallingMethods", "CallingMethods\CallingMethods.csproj", "{DA19BF35-1452-4309-BBEF-C028FB4AEFEC}"
EndProject
Global
	GlobalSection(SolutionConfigurationPlatforms) = preSolution
		Debug|Any CPU = Debug|Any CPU
		Release|Any CPU = Release|Any CPU
	EndGlobalSection
	GlobalSection(ProjectConfigurationPlatforms) = postSolution
		{DA19BF35-1452-4309-BBEF-C028FB4AEFEC}.Debug|Any CPU.ActiveCfg = Debug|Any CPU
		{DA19BF35-1452-4309-BBEF-C028FB4AEFEC}.Debug|Any CPU.Build.0 = Debug|Any CPU
		{DA19BF35-1452-4309-BBEF-C028FB4AEFEC}.Release|Any CPU.ActiveCfg = Release|Any CPU
		{DA19BF35-1452-4309-BBEF-C028FB4AEFEC}.Release|Any CPU.Build.0 = Release|Any CPU
	EndGlobalSection
	GlobalSection(SolutionProperties) = preSolution
		HideSolutionNode = FALSE
	EndGlobalSection
	GlobalSection(ExtensibilityGlobals) = postSolution
		SolutionGuid = {56391531-4E56-432C-9480-0A82DF739E7F}
	EndGlobalSection
EndGlobal
