
Microsoft Visual Studio Solution File, Format Version 12.00
# Visual Studio Version 16
VisualStudioVersion = 16.0.31911.196
MinimumVisualStudioVersion = 10.0.40219.1
Project("{FAE04EC0-301F-11D3-BF4B-00C04F79EFBC}") = "Abstract Class Submission", "Abstract Class Submission\Abstract Class Submission.csproj", "{5514002D-2847-4F37-ABF9-845FFA9B8FE6}"
EndProject
Global
	GlobalSection(SolutionConfigurationPlatforms) = preSolution
		Debug|Any CPU = Debug|Any CPU
		Release|Any CPU = Release|Any CPU
	EndGlobalSection
	GlobalSection(ProjectConfigurationPlatforms) = postSolution
		{5514002D-2847-4F37-ABF9-845FFA9B8FE6}.Debug|Any CPU.ActiveCfg = Debug|Any CPU
		{5514002D-2847-4F37-ABF9-845FFA9B8FE6}.Debug|Any CPU.Build.0 = Debug|Any CPU
		{5514002D-2847-4F37-ABF9-845FFA9B8FE6}.Release|Any CPU.ActiveCfg = Release|Any CPU
		{5514002D-2847-4F37-ABF9-845FFA9B8FE6}.Release|Any CPU.Build.0 = Release|Any CPU
	EndGlobalSection
	GlobalSection(SolutionProperties) = preSolution
		HideSolutionNode = FALSE
	EndGlobalSection
	GlobalSection(ExtensibilityGlobals) = postSolution
		SolutionGuid = {6277C1E7-07E7-4813-A995-05F00EA87180}
	EndGlobalSection
EndGlobal
