
Microsoft Visual Studio Solution File, Format Version 12.00
# Visual Studio Version 16
VisualStudioVersion = 16.0.31911.196
MinimumVisualStudioVersion = 10.0.40219.1
Project("{FAE04EC0-301F-11D3-BF4B-00C04F79EFBC}") = "BranchingSubmission", "BranchingSubmission\BranchingSubmission.csproj", "{A7CFB3CA-8DE1-4C2D-9286-91ACD0A1DD0D}"
EndProject
Global
	GlobalSection(SolutionConfigurationPlatforms) = preSolution
		Debug|Any CPU = Debug|Any CPU
		Release|Any CPU = Release|Any CPU
	EndGlobalSection
	GlobalSection(ProjectConfigurationPlatforms) = postSolution
		{A7CFB3CA-8DE1-4C2D-9286-91ACD0A1DD0D}.Debug|Any CPU.ActiveCfg = Debug|Any CPU
		{A7CFB3CA-8DE1-4C2D-9286-91ACD0A1DD0D}.Debug|Any CPU.Build.0 = Debug|Any CPU
		{A7CFB3CA-8DE1-4C2D-9286-91ACD0A1DD0D}.Release|Any CPU.ActiveCfg = Release|Any CPU
		{A7CFB3CA-8DE1-4C2D-9286-91ACD0A1DD0D}.Release|Any CPU.Build.0 = Release|Any CPU
	EndGlobalSection
	GlobalSection(SolutionProperties) = preSolution
		HideSolutionNode = FALSE
	EndGlobalSection
	GlobalSection(ExtensibilityGlobals) = postSolution
		SolutionGuid = {72C64E6F-AFDF-4C90-9982-844B76DA870F}
	EndGlobalSection
EndGlobal
