
Microsoft Visual Studio Solution File, Format Version 12.00
# Visual Studio Version 16
VisualStudioVersion = 16.0.31911.196
MinimumVisualStudioVersion = 10.0.40219.1
Project("{FAE04EC0-301F-11D3-BF4B-00C04F79EFBC}") = "Daily Report", "Daily Report\Daily Report.csproj", "{3964FFD0-FA63-4D7C-80A0-EDA0F547EA18}"
EndProject
Global
	GlobalSection(SolutionConfigurationPlatforms) = preSolution
		Debug|Any CPU = Debug|Any CPU
		Release|Any CPU = Release|Any CPU
	EndGlobalSection
	GlobalSection(ProjectConfigurationPlatforms) = postSolution
		{3964FFD0-FA63-4D7C-80A0-EDA0F547EA18}.Debug|Any CPU.ActiveCfg = Debug|Any CPU
		{3964FFD0-FA63-4D7C-80A0-EDA0F547EA18}.Debug|Any CPU.Build.0 = Debug|Any CPU
		{3964FFD0-FA63-4D7C-80A0-EDA0F547EA18}.Release|Any CPU.ActiveCfg = Release|Any CPU
		{3964FFD0-FA63-4D7C-80A0-EDA0F547EA18}.Release|Any CPU.Build.0 = Release|Any CPU
	EndGlobalSection
	GlobalSection(SolutionProperties) = preSolution
		HideSolutionNode = FALSE
	EndGlobalSection
	GlobalSection(ExtensibilityGlobals) = postSolution
		SolutionGuid = {D38D8931-BEF5-4868-9BA8-3ACB7CF7D45B}
	EndGlobalSection
EndGlobal
